
Microsoft Visual Studio Solution File, Format Version 12.00
# Visual Studio 15
VisualStudioVersion = 15.0.28307.168
MinimumVisualStudioVersion = 10.0.40219.1
Project("{FAE04EC0-301F-11D3-BF4B-00C04F79EFBC}") = "LogicAnalyzer", "LogicAnalyzer\LogicAnalyzer.csproj", "{34741E88-905B-4751-9380-71B4859226E6}"
	ProjectSection(ProjectDependencies) = postProject
		{6FF38D18-1F04-4C9D-B1D7-E7ECE59D2B75} = {6FF38D18-1F04-4C9D-B1D7-E7ECE59D2B75}
	EndProjectSection
EndProject
Project("{8BC9CEB8-8B4A-11D0-8D11-00A0C91BC942}") = "SpeedCapture", "SpeedCapture\SpeedCapture.vcxproj", "{6FF38D18-1F04-4C9D-B1D7-E7ECE59D2B75}"
EndProject
Global
	GlobalSection(SolutionConfigurationPlatforms) = preSolution
		Debug|Any CPU = Debug|Any CPU
		Debug|x64 = Debug|x64
		Debug|x86 = Debug|x86
		Release|Any CPU = Release|Any CPU
		Release|x64 = Release|x64
		Release|x86 = Release|x86
	EndGlobalSection
	GlobalSection(ProjectConfigurationPlatforms) = postSolution
		{34741E88-905B-4751-9380-71B4859226E6}.Debug|Any CPU.ActiveCfg = Debug|Any CPU
		{34741E88-905B-4751-9380-71B4859226E6}.Debug|Any CPU.Build.0 = Debug|Any CPU
		{34741E88-905B-4751-9380-71B4859226E6}.Debug|x64.ActiveCfg = Debug|x64
		{34741E88-905B-4751-9380-71B4859226E6}.Debug|x64.Build.0 = Debug|x64
		{34741E88-905B-4751-9380-71B4859226E6}.Debug|x86.ActiveCfg = Debug|Any CPU
		{34741E88-905B-4751-9380-71B4859226E6}.Debug|x86.Build.0 = Debug|Any CPU
		{34741E88-905B-4751-9380-71B4859226E6}.Release|Any CPU.ActiveCfg = Release|Any CPU
		{34741E88-905B-4751-9380-71B4859226E6}.Release|Any CPU.Build.0 = Release|Any CPU
		{34741E88-905B-4751-9380-71B4859226E6}.Release|x64.ActiveCfg = Release|x64
		{34741E88-905B-4751-9380-71B4859226E6}.Release|x64.Build.0 = Release|x64
		{34741E88-905B-4751-9380-71B4859226E6}.Release|x86.ActiveCfg = Release|Any CPU
		{34741E88-905B-4751-9380-71B4859226E6}.Release|x86.Build.0 = Release|Any CPU
		{6FF38D18-1F04-4C9D-B1D7-E7ECE59D2B75}.Debug|Any CPU.ActiveCfg = Debug|Win32
		{6FF38D18-1F04-4C9D-B1D7-E7ECE59D2B75}.Debug|x64.ActiveCfg = Debug|x64
		{6FF38D18-1F04-4C9D-B1D7-E7ECE59D2B75}.Debug|x64.Build.0 = Debug|x64
		{6FF38D18-1F04-4C9D-B1D7-E7ECE59D2B75}.Debug|x86.ActiveCfg = Debug|Win32
		{6FF38D18-1F04-4C9D-B1D7-E7ECE59D2B75}.Debug|x86.Build.0 = Debug|Win32
		{6FF38D18-1F04-4C9D-B1D7-E7ECE59D2B75}.Release|Any CPU.ActiveCfg = Release|Win32
		{6FF38D18-1F04-4C9D-B1D7-E7ECE59D2B75}.Release|x64.ActiveCfg = Release|x64
		{6FF38D18-1F04-4C9D-B1D7-E7ECE59D2B75}.Release|x64.Build.0 = Release|x64
		{6FF38D18-1F04-4C9D-B1D7-E7ECE59D2B75}.Release|x86.ActiveCfg = Release|Win32
		{6FF38D18-1F04-4C9D-B1D7-E7ECE59D2B75}.Release|x86.Build.0 = Release|Win32
	EndGlobalSection
	GlobalSection(SolutionProperties) = preSolution
		HideSolutionNode = FALSE
	EndGlobalSection
	GlobalSection(ExtensibilityGlobals) = postSolution
		SolutionGuid = {F4012E2C-D8EC-44B0-B29F-8813536258BF}
	EndGlobalSection
EndGlobal
